# This file is automatically @generated by Cargo.
# It is not intended for manual editing.
version = 4

[[package]]
name = "compliance"
version = "0.1.0"

[[package]]
name = "domain"
version = "0.1.0"

[[package]]
name = "engine"
version = "0.1.0"

[[package]]
name = "features"
version = "0.1.0"

[[package]]
name = "graph"
version = "0.1.0"

[[package]]
name = "ingest"
version = "0.1.0"

[[package]]
name = "model"
version = "0.1.0"

[[package]]
name = "rules"
version = "0.1.0"

[[package]]
name = "simulator"
version = "0.1.0"

[[package]]
name = "stream"
version = "0.1.0"
